{
  "object": {
    "pins": [
      {
        "package": "GreetSPM",
        "repositoryURL": "https://github.com/nidhi5920/GreetSPM.git",
        "state": {
          "branch": null,
          "revision": "7eb6f69537a8045112f6f308a4fef0b48ffa7df3",
          "version": "1.0.0"
        }
      }
    ]
  },
  "version": 1
}
